{
    "name": "dev.sudohub.normalprocessor",
    "version": "1.0.0",
    "lockfileVersion": 3,
    "requires": true,
    "packages": {
        "": {
            "name": "dev.sudohub.normalprocessor",
            "version": "1.0.0",
            "license": "MIT",
            "dependencies": {
                "dev.sudohub.normalprocessor": "file:"
            }
        },
        "node_modules/dev.sudohub.normalprocessor": {
            "resolved": "",
            "link": true
        }
    }
}
